
Microsoft Visual Studio Solution File, Format Version 12.00
# Visual Studio Version 17
VisualStudioVersion = 17.10.35013.160
MinimumVisualStudioVersion = 10.0.40219.1
Project("{FAE04EC0-301F-11D3-BF4B-00C04F79EFBC}") = "Api-Intro", "Api-Intro\Api-Intro.csproj", "{838455F5-3A5C-4521-9B26-0A73B9F0AA55}"
EndProject
Global
	GlobalSection(SolutionConfigurationPlatforms) = preSolution
		Debug|Any CPU = Debug|Any CPU
		Release|Any CPU = Release|Any CPU
	EndGlobalSection
	GlobalSection(ProjectConfigurationPlatforms) = postSolution
		{838455F5-3A5C-4521-9B26-0A73B9F0AA55}.Debug|Any CPU.ActiveCfg = Debug|Any CPU
		{838455F5-3A5C-4521-9B26-0A73B9F0AA55}.Debug|Any CPU.Build.0 = Debug|Any CPU
		{838455F5-3A5C-4521-9B26-0A73B9F0AA55}.Release|Any CPU.ActiveCfg = Release|Any CPU
		{838455F5-3A5C-4521-9B26-0A73B9F0AA55}.Release|Any CPU.Build.0 = Release|Any CPU
	EndGlobalSection
	GlobalSection(SolutionProperties) = preSolution
		HideSolutionNode = FALSE
	EndGlobalSection
	GlobalSection(ExtensibilityGlobals) = postSolution
		SolutionGuid = {94966014-9350-4EE6-B47E-FBF23E588679}
	EndGlobalSection
EndGlobal
